# THIS IS AN AUTOGENERATED FILE. DO NOT EDIT THIS FILE DIRECTLY.
# yarn lockfile v1


uview-ui@^1.8.6:
  version "1.8.6"
  resolved "https://registry.npmmirror.com/uview-ui/-/uview-ui-1.8.6.tgz#1a2e7b508937f37d7c1bfd8b67e6a3e3e73300d0"
  integrity sha512-R93WU6htCP2Fpw668ABpF7Y8UqIx66pUKGAwBYLDkbnIldyKWkjtfJzqjFm22tF41ty6FVB+82L+gIL775c5LQ==
